{
  "name": "server",
  "version": "0.0.0",
  "dependencies": {
    "bluebird": {
      "version": "1.0.5",
      "from": "bluebird@~1.0.4",
      "resolved": "https://registry.npmjs.org/bluebird/-/bluebird-1.0.5.tgz"
    },
    "ecstatic": {
      "version": "0.4.13",
      "from": "ecstatic@~0.4.13",
      "resolved": "https://registry.npmjs.org/ecstatic/-/ecstatic-0.4.13.tgz",
      "dependencies": {
        "mime": {
          "version": "1.2.11",
          "from": "mime@1.2.x"
        },
        "ent": {
          "version": "0.0.7",
          "from": "ent@0.0.x",
          "resolved": "https://registry.npmjs.org/ent/-/ent-0.0.7.tgz"
        },
        "optimist": {
          "version": "0.3.7",
          "from": "optimist@~0.3.5",
          "dependencies": {
            "wordwrap": {
              "version": "0.0.2",
              "from": "wordwrap@~0.0.2"
            }
          }
        }
      }
    },
    "final-db": {
      "version": "2.4.1",
      "from": "final-db@~2.4.1",
      "resolved": "https://registry.npmjs.org/final-db/-/final-db-2.4.1.tgz",
      "dependencies": {
        "final-class": {
          "version": "0.3.1",
          "from": "final-class@0.x.x",
          "resolved": "https://registry.npmjs.org/final-class/-/final-class-0.3.1.tgz"
        },
        "when": {
          "version": "2.1.1",
          "from": "when@2.1.x",
          "resolved": "https://registry.npmjs.org/when/-/when-2.1.1.tgz"
        },
        "extend": {
          "version": "1.2.1",
          "from": "extend@1.2.x",
          "resolved": "https://registry.npmjs.org/extend/-/extend-1.2.1.tgz"
        },
        "final-fs": {
          "version": "1.4.4",
          "from": "final-fs@1.4.x",
          "resolved": "https://registry.npmjs.org/final-fs/-/final-fs-1.4.4.tgz",
          "dependencies": {
            "node-fs": {
              "version": "0.1.7",
              "from": "node-fs@~0.1.5",
              "resolved": "https://registry.npmjs.org/node-fs/-/node-fs-0.1.7.tgz"
            },
            "when": {
              "version": "2.0.1",
              "from": "when@~2.0.1",
              "resolved": "https://registry.npmjs.org/when/-/when-2.0.1.tgz"
            }
          }
        }
      }
    },
    "handlebars": {
      "version": "1.3.0",
      "from": "handlebars@~1.3.0",
      "resolved": "https://registry.npmjs.org/handlebars/-/handlebars-1.3.0.tgz",
      "dependencies": {
        "optimist": {
          "version": "0.3.7",
          "from": "optimist@~0.3",
          "dependencies": {
            "wordwrap": {
              "version": "0.0.2",
              "from": "wordwrap@~0.0.2"
            }
          }
        },
        "uglify-js": {
          "version": "2.3.6",
          "from": "uglify-js@~2.3",
          "dependencies": {
            "async": {
              "version": "0.2.10",
              "from": "async@~0.2.6"
            },
            "source-map": {
              "version": "0.1.32",
              "from": "source-map@~0.1.7",
              "dependencies": {
                "amdefine": {
                  "version": "0.1.0",
                  "from": "amdefine@>=0.0.4"
                }
              }
            }
          }
        }
      }
    },
    "lodash": {
      "version": "2.4.1",
      "from": "lodash@~2.4.1"
    },
    "marked": {
      "version": "0.3.1",
      "from": "marked@~0.3.1"
    },
    "nodemailer": {
      "version": "0.6.0",
      "from": "nodemailer@~0.6.0",
      "resolved": "https://registry.npmjs.org/nodemailer/-/nodemailer-0.6.0.tgz",
      "dependencies": {
        "mailcomposer": {
          "version": "0.2.8",
          "from": "mailcomposer@~0.2.7",
          "resolved": "https://registry.npmjs.org/mailcomposer/-/mailcomposer-0.2.8.tgz",
          "dependencies": {
            "mimelib": {
              "version": "0.2.14",
              "from": "mimelib@~0.2.14",
              "resolved": "https://registry.npmjs.org/mimelib/-/mimelib-0.2.14.tgz",
              "dependencies": {
                "encoding": {
                  "version": "0.1.7",
                  "from": "encoding@~0.1",
                  "resolved": "https://registry.npmjs.org/encoding/-/encoding-0.1.7.tgz",
                  "dependencies": {
                    "iconv-lite": {
                      "version": "0.2.11",
                      "from": "iconv-lite@~0.2.11"
                    }
                  }
                },
                "addressparser": {
                  "version": "0.2.1",
                  "from": "addressparser@~0.2.0",
                  "resolved": "https://registry.npmjs.org/addressparser/-/addressparser-0.2.1.tgz"
                }
              }
            },
            "mime": {
              "version": "1.2.9",
              "from": "mime@1.2.9",
              "resolved": "https://registry.npmjs.org/mime/-/mime-1.2.9.tgz"
            },
            "punycode": {
              "version": "1.2.4",
              "from": "punycode@~1.2.3"
            },
            "follow-redirects": {
              "version": "0.0.3",
              "from": "follow-redirects@0.0.3",
              "resolved": "https://registry.npmjs.org/follow-redirects/-/follow-redirects-0.0.3.tgz",
              "dependencies": {
                "underscore": {
                  "version": "1.6.0",
                  "from": "underscore@"
                }
              }
            },
            "dkim-signer": {
              "version": "0.1.0",
              "from": "dkim-signer@~0.1.0",
              "resolved": "https://registry.npmjs.org/dkim-signer/-/dkim-signer-0.1.0.tgz"
            }
          }
        },
        "simplesmtp": {
          "version": "0.3.21",
          "from": "simplesmtp@~0.2 || ~0.3",
          "resolved": "https://registry.npmjs.org/simplesmtp/-/simplesmtp-0.3.21.tgz",
          "dependencies": {
            "rai": {
              "version": "0.1.9",
              "from": "rai@~0.1",
              "resolved": "https://registry.npmjs.org/rai/-/rai-0.1.9.tgz"
            },
            "xoauth2": {
              "version": "0.1.8",
              "from": "xoauth2@~0.1",
              "resolved": "https://registry.npmjs.org/xoauth2/-/xoauth2-0.1.8.tgz"
            }
          }
        },
        "directmail": {
          "version": "0.1.6",
          "from": "directmail@~0.1.6",
          "resolved": "https://registry.npmjs.org/directmail/-/directmail-0.1.6.tgz"
        },
        "he": {
          "version": "0.3.6",
          "from": "he@~0.3.6",
          "resolved": "https://registry.npmjs.org/he/-/he-0.3.6.tgz"
        },
        "public-address": {
          "version": "0.1.0",
          "from": "public-address@~0.1.0",
          "resolved": "https://registry.npmjs.org/public-address/-/public-address-0.1.0.tgz"
        },
        "readable-stream": {
          "version": "1.1.11",
          "from": "readable-stream@~1.1.9",
          "dependencies": {
            "core-util-is": {
              "version": "1.0.1",
              "from": "core-util-is@~1.0.0"
            },
            "string_decoder": {
              "version": "0.10.25-1",
              "from": "string_decoder@~0.10.x"
            },
            "debuglog": {
              "version": "0.0.2",
              "from": "debuglog@0.0.2"
            }
          }
        }
      }
    },
    "optimist": {
      "version": "0.6.1",
      "from": "optimist@~0.6.1",
      "dependencies": {
        "wordwrap": {
          "version": "0.0.2",
          "from": "wordwrap@~0.0.2"
        },
        "minimist": {
          "version": "0.0.7",
          "from": "minimist@~0.0.1"
        }
      }
    },
    "restify": {
      "version": "2.6.1",
      "from": "restify@~2.6.1",
      "resolved": "https://registry.npmjs.org/restify/-/restify-2.6.1.tgz",
      "dependencies": {
        "assert-plus": {
          "version": "0.1.4",
          "from": "assert-plus@0.1.4",
          "resolved": "https://registry.npmjs.org/assert-plus/-/assert-plus-0.1.4.tgz"
        },
        "backoff": {
          "version": "2.3.0",
          "from": "backoff@2.3.0",
          "resolved": "https://registry.npmjs.org/backoff/-/backoff-2.3.0.tgz"
        },
        "bunyan": {
          "version": "0.22.0",
          "from": "bunyan@0.22.0",
          "resolved": "https://registry.npmjs.org/bunyan/-/bunyan-0.22.0.tgz",
          "dependencies": {
            "mv": {
              "version": "0.0.5",
              "from": "mv@0.0.5",
              "resolved": "https://registry.npmjs.org/mv/-/mv-0.0.5.tgz"
            }
          }
        },
        "csv": {
          "version": "0.3.6",
          "from": "csv@0.3.6",
          "resolved": "https://registry.npmjs.org/csv/-/csv-0.3.6.tgz"
        },
        "deep-equal": {
          "version": "0.0.0",
          "from": "deep-equal@0.0.0",
          "resolved": "https://registry.npmjs.org/deep-equal/-/deep-equal-0.0.0.tgz"
        },
        "escape-regexp-component": {
          "version": "1.0.2",
          "from": "escape-regexp-component@1.0.2",
          "resolved": "https://registry.npmjs.org/escape-regexp-component/-/escape-regexp-component-1.0.2.tgz"
        },
        "formidable": {
          "version": "1.0.14",
          "from": "formidable@1.0.14",
          "resolved": "https://registry.npmjs.org/formidable/-/formidable-1.0.14.tgz"
        },
        "http-signature": {
          "version": "0.10.0",
          "from": "http-signature@0.10.0",
          "dependencies": {
            "assert-plus": {
              "version": "0.1.2",
              "from": "assert-plus@0.1.2"
            },
            "asn1": {
              "version": "0.1.11",
              "from": "asn1@0.1.11"
            },
            "ctype": {
              "version": "0.5.2",
              "from": "ctype@0.5.2"
            }
          }
        },
        "keep-alive-agent": {
          "version": "0.0.1",
          "from": "keep-alive-agent@0.0.1",
          "resolved": "https://registry.npmjs.org/keep-alive-agent/-/keep-alive-agent-0.0.1.tgz"
        },
        "lru-cache": {
          "version": "2.3.1",
          "from": "lru-cache@2.3.1"
        },
        "mime": {
          "version": "1.2.11",
          "from": "mime@1.2.x"
        },
        "negotiator": {
          "version": "0.3.0",
          "from": "negotiator@0.3.0"
        },
        "node-uuid": {
          "version": "1.4.0",
          "from": "node-uuid@1.4.0",
          "resolved": "https://registry.npmjs.org/node-uuid/-/node-uuid-1.4.0.tgz"
        },
        "once": {
          "version": "1.3.0",
          "from": "once@1.3.0",
          "resolved": "https://registry.npmjs.org/once/-/once-1.3.0.tgz"
        },
        "qs": {
          "version": "0.6.5",
          "from": "qs@0.6.5",
          "resolved": "https://registry.npmjs.org/qs/-/qs-0.6.5.tgz"
        },
        "semver": {
          "version": "2.2.1",
          "from": "semver@2.2.1",
          "resolved": "https://registry.npmjs.org/semver/-/semver-2.2.1.tgz"
        },
        "spdy": {
          "version": "1.14.12",
          "from": "spdy@1.14.12",
          "resolved": "https://registry.npmjs.org/spdy/-/spdy-1.14.12.tgz"
        },
        "tunnel-agent": {
          "version": "0.3.0",
          "from": "tunnel-agent@0.3.0"
        },
        "verror": {
          "version": "1.3.6",
          "from": "verror@1.3.6",
          "resolved": "https://registry.npmjs.org/verror/-/verror-1.3.6.tgz",
          "dependencies": {
            "extsprintf": {
              "version": "1.0.2",
              "from": "extsprintf@1.0.2",
              "resolved": "https://registry.npmjs.org/extsprintf/-/extsprintf-1.0.2.tgz"
            }
          }
        },
        "dtrace-provider": {
          "version": "0.2.8",
          "from": "dtrace-provider@0.2.8",
          "resolved": "https://registry.npmjs.org/dtrace-provider/-/dtrace-provider-0.2.8.tgz"
        }
      }
    }
  }
}
